
Microsoft Visual Studio Solution File, Format Version 12.00
# Visual Studio Version 16
VisualStudioVersion = 16.0.31605.320
MinimumVisualStudioVersion = 10.0.40219.1
Project("{FAE04EC0-301F-11D3-BF4B-00C04F79EFBC}") = "BrideAndGroom", "BrideAndGroom\BrideAndGroom.csproj", "{BBDFD322-E2E5-4930-B58C-AAEA473FDF17}"
EndProject
Project("{FAE04EC0-301F-11D3-BF4B-00C04F79EFBC}") = "BrideAndGroomLibrary", "BrideAndGroomLibrary\BrideAndGroomLibrary.csproj", "{03D1B981-6404-48EA-8BEE-7DED4DF54AAD}"
EndProject
Global
	GlobalSection(SolutionConfigurationPlatforms) = preSolution
		Debug|Any CPU = Debug|Any CPU
		Release|Any CPU = Release|Any CPU
	EndGlobalSection
	GlobalSection(ProjectConfigurationPlatforms) = postSolution
		{BBDFD322-E2E5-4930-B58C-AAEA473FDF17}.Debug|Any CPU.ActiveCfg = Debug|Any CPU
		{BBDFD322-E2E5-4930-B58C-AAEA473FDF17}.Debug|Any CPU.Build.0 = Debug|Any CPU
		{BBDFD322-E2E5-4930-B58C-AAEA473FDF17}.Release|Any CPU.ActiveCfg = Release|Any CPU
		{BBDFD322-E2E5-4930-B58C-AAEA473FDF17}.Release|Any CPU.Build.0 = Release|Any CPU
		{03D1B981-6404-48EA-8BEE-7DED4DF54AAD}.Debug|Any CPU.ActiveCfg = Debug|Any CPU
		{03D1B981-6404-48EA-8BEE-7DED4DF54AAD}.Debug|Any CPU.Build.0 = Debug|Any CPU
		{03D1B981-6404-48EA-8BEE-7DED4DF54AAD}.Release|Any CPU.ActiveCfg = Release|Any CPU
		{03D1B981-6404-48EA-8BEE-7DED4DF54AAD}.Release|Any CPU.Build.0 = Release|Any CPU
	EndGlobalSection
	GlobalSection(SolutionProperties) = preSolution
		HideSolutionNode = FALSE
	EndGlobalSection
	GlobalSection(ExtensibilityGlobals) = postSolution
		SolutionGuid = {1BFA814D-C6EB-4DD4-9DE0-4D97A8A2EE1B}
	EndGlobalSection
EndGlobal
